
Microsoft Visual Studio Solution File, Format Version 12.00
# Visual Studio Version 17
VisualStudioVersion = 17.8.34330.188
MinimumVisualStudioVersion = 10.0.40219.1
Project("{FAE04EC0-301F-11D3-BF4B-00C04F79EFBC}") = "api", "api\api.csproj", "{5E479CE1-38F9-4BB1-9785-2746ED0498FB}"
EndProject
Global
	GlobalSection(SolutionConfigurationPlatforms) = preSolution
		Debug|Any CPU = Debug|Any CPU
		Release|Any CPU = Release|Any CPU
	EndGlobalSection
	GlobalSection(ProjectConfigurationPlatforms) = postSolution
		{5E479CE1-38F9-4BB1-9785-2746ED0498FB}.Debug|Any CPU.ActiveCfg = Debug|Any CPU
		{5E479CE1-38F9-4BB1-9785-2746ED0498FB}.Debug|Any CPU.Build.0 = Debug|Any CPU
		{5E479CE1-38F9-4BB1-9785-2746ED0498FB}.Release|Any CPU.ActiveCfg = Release|Any CPU
		{5E479CE1-38F9-4BB1-9785-2746ED0498FB}.Release|Any CPU.Build.0 = Release|Any CPU
	EndGlobalSection
	GlobalSection(SolutionProperties) = preSolution
		HideSolutionNode = FALSE
	EndGlobalSection
	GlobalSection(ExtensibilityGlobals) = postSolution
		SolutionGuid = {963506BA-7370-40C2-83FB-F6C42F3A072E}
	EndGlobalSection
EndGlobal
